
Microsoft Visual Studio Solution File, Format Version 12.00
# Visual Studio Version 17
VisualStudioVersion = 17.10.35013.160
MinimumVisualStudioVersion = 10.0.40219.1
Project("{FAE04EC0-301F-11D3-BF4B-00C04F79EFBC}") = "UserBasedApp", "UserBasedApp\UserBasedApp.csproj", "{A8AFCBF6-E07D-4618-A1D6-FA9FAF53954A}"
EndProject
Global
	GlobalSection(SolutionConfigurationPlatforms) = preSolution
		Debug|Any CPU = Debug|Any CPU
		Release|Any CPU = Release|Any CPU
	EndGlobalSection
	GlobalSection(ProjectConfigurationPlatforms) = postSolution
		{A8AFCBF6-E07D-4618-A1D6-FA9FAF53954A}.Debug|Any CPU.ActiveCfg = Debug|Any CPU
		{A8AFCBF6-E07D-4618-A1D6-FA9FAF53954A}.Debug|Any CPU.Build.0 = Debug|Any CPU
		{A8AFCBF6-E07D-4618-A1D6-FA9FAF53954A}.Release|Any CPU.ActiveCfg = Release|Any CPU
		{A8AFCBF6-E07D-4618-A1D6-FA9FAF53954A}.Release|Any CPU.Build.0 = Release|Any CPU
	EndGlobalSection
	GlobalSection(SolutionProperties) = preSolution
		HideSolutionNode = FALSE
	EndGlobalSection
	GlobalSection(ExtensibilityGlobals) = postSolution
		SolutionGuid = {3FC8AA03-53C7-4966-BAFE-4DB49530C1C2}
	EndGlobalSection
EndGlobal
